
Microsoft Visual Studio Solution File, Format Version 12.00
# Visual Studio Version 17
VisualStudioVersion = 17.1.32319.34
MinimumVisualStudioVersion = 10.0.40219.1
Project("{FAE04EC0-301F-11D3-BF4B-00C04F79EFBC}") = "CashFlow", "CashFlow\CashFlow.csproj", "{29863ECE-BB9C-44E8-AA14-58FE7C0919B4}"
EndProject
Project("{FAE04EC0-301F-11D3-BF4B-00C04F79EFBC}") = "CashFlow.Domain", "CashFlowDomain\CashFlow.Domain.csproj", "{1F77B41E-8E63-4564-BD2C-63D33E236BBA}"
EndProject
Project("{FAE04EC0-301F-11D3-BF4B-00C04F79EFBC}") = "CashFlow.CrossCutting", "CashFlow.CrossCutting\CashFlow.CrossCutting.csproj", "{3ED46D87-DFEE-4256-9119-BC9AAAF2BBDF}"
EndProject
Project("{FAE04EC0-301F-11D3-BF4B-00C04F79EFBC}") = "CashFlow.Repository", "CashFlow.Repository\CashFlow.Repository.csproj", "{E6283CAD-365C-4618-B7BC-DAC040D2F193}"
EndProject
Global
	GlobalSection(SolutionConfigurationPlatforms) = preSolution
		Debug|Any CPU = Debug|Any CPU
		Release|Any CPU = Release|Any CPU
	EndGlobalSection
	GlobalSection(ProjectConfigurationPlatforms) = postSolution
		{29863ECE-BB9C-44E8-AA14-58FE7C0919B4}.Debug|Any CPU.ActiveCfg = Debug|Any CPU
		{29863ECE-BB9C-44E8-AA14-58FE7C0919B4}.Debug|Any CPU.Build.0 = Debug|Any CPU
		{29863ECE-BB9C-44E8-AA14-58FE7C0919B4}.Release|Any CPU.ActiveCfg = Release|Any CPU
		{29863ECE-BB9C-44E8-AA14-58FE7C0919B4}.Release|Any CPU.Build.0 = Release|Any CPU
		{1F77B41E-8E63-4564-BD2C-63D33E236BBA}.Debug|Any CPU.ActiveCfg = Debug|Any CPU
		{1F77B41E-8E63-4564-BD2C-63D33E236BBA}.Debug|Any CPU.Build.0 = Debug|Any CPU
		{1F77B41E-8E63-4564-BD2C-63D33E236BBA}.Release|Any CPU.ActiveCfg = Release|Any CPU
		{1F77B41E-8E63-4564-BD2C-63D33E236BBA}.Release|Any CPU.Build.0 = Release|Any CPU
		{3ED46D87-DFEE-4256-9119-BC9AAAF2BBDF}.Debug|Any CPU.ActiveCfg = Debug|Any CPU
		{3ED46D87-DFEE-4256-9119-BC9AAAF2BBDF}.Debug|Any CPU.Build.0 = Debug|Any CPU
		{3ED46D87-DFEE-4256-9119-BC9AAAF2BBDF}.Release|Any CPU.ActiveCfg = Release|Any CPU
		{3ED46D87-DFEE-4256-9119-BC9AAAF2BBDF}.Release|Any CPU.Build.0 = Release|Any CPU
		{E6283CAD-365C-4618-B7BC-DAC040D2F193}.Debug|Any CPU.ActiveCfg = Debug|Any CPU
		{E6283CAD-365C-4618-B7BC-DAC040D2F193}.Debug|Any CPU.Build.0 = Debug|Any CPU
		{E6283CAD-365C-4618-B7BC-DAC040D2F193}.Release|Any CPU.ActiveCfg = Release|Any CPU
		{E6283CAD-365C-4618-B7BC-DAC040D2F193}.Release|Any CPU.Build.0 = Release|Any CPU
	EndGlobalSection
	GlobalSection(SolutionProperties) = preSolution
		HideSolutionNode = FALSE
	EndGlobalSection
	GlobalSection(ExtensibilityGlobals) = postSolution
		SolutionGuid = {BC8CC549-90CB-4270-83EE-8C5D02B4296B}
	EndGlobalSection
EndGlobal
